
Microsoft Visual Studio Solution File, Format Version 12.00
# Visual Studio Version 16
VisualStudioVersion = 16.0.30204.135
MinimumVisualStudioVersion = 15.0.26124.0
Project("{FAE04EC0-301F-11D3-BF4B-00C04F79EFBC}") = "Order.API", "Order.API\Order.API.csproj", "{E526B71F-0BDA-4E53-9BF8-819ED6BD95C6}"
EndProject
Project("{FAE04EC0-301F-11D3-BF4B-00C04F79EFBC}") = "Product.API", "Product.API\Product.API.csproj", "{C03087D7-B8A8-4793-A063-F2243277F13C}"
EndProject
Project("{FAE04EC0-301F-11D3-BF4B-00C04F79EFBC}") = "Web.MVC", "Web.MVC\Web.MVC.csproj", "{C350A120-1175-44B0-B359-4E55653F9598}"
EndProject
Project("{FAE04EC0-301F-11D3-BF4B-00C04F79EFBC}") = "Ocelot.APIGateway", "Ocelot.APIGateway\Ocelot.APIGateway.csproj", "{1160347E-2C45-48C7-93FF-496CF0D6C7E3}"
EndProject
Global
	GlobalSection(SolutionConfigurationPlatforms) = preSolution
		Debug|Any CPU = Debug|Any CPU
		Release|Any CPU = Release|Any CPU
	EndGlobalSection
	GlobalSection(ProjectConfigurationPlatforms) = postSolution
		{E526B71F-0BDA-4E53-9BF8-819ED6BD95C6}.Debug|Any CPU.ActiveCfg = Debug|Any CPU
		{E526B71F-0BDA-4E53-9BF8-819ED6BD95C6}.Debug|Any CPU.Build.0 = Debug|Any CPU
		{E526B71F-0BDA-4E53-9BF8-819ED6BD95C6}.Release|Any CPU.ActiveCfg = Release|Any CPU
		{E526B71F-0BDA-4E53-9BF8-819ED6BD95C6}.Release|Any CPU.Build.0 = Release|Any CPU
		{C03087D7-B8A8-4793-A063-F2243277F13C}.Debug|Any CPU.ActiveCfg = Debug|Any CPU
		{C03087D7-B8A8-4793-A063-F2243277F13C}.Debug|Any CPU.Build.0 = Debug|Any CPU
		{C03087D7-B8A8-4793-A063-F2243277F13C}.Release|Any CPU.ActiveCfg = Release|Any CPU
		{C03087D7-B8A8-4793-A063-F2243277F13C}.Release|Any CPU.Build.0 = Release|Any CPU
		{C350A120-1175-44B0-B359-4E55653F9598}.Debug|Any CPU.ActiveCfg = Debug|Any CPU
		{C350A120-1175-44B0-B359-4E55653F9598}.Debug|Any CPU.Build.0 = Debug|Any CPU
		{C350A120-1175-44B0-B359-4E55653F9598}.Release|Any CPU.ActiveCfg = Release|Any CPU
		{C350A120-1175-44B0-B359-4E55653F9598}.Release|Any CPU.Build.0 = Release|Any CPU
		{1160347E-2C45-48C7-93FF-496CF0D6C7E3}.Debug|Any CPU.ActiveCfg = Debug|Any CPU
		{1160347E-2C45-48C7-93FF-496CF0D6C7E3}.Debug|Any CPU.Build.0 = Debug|Any CPU
		{1160347E-2C45-48C7-93FF-496CF0D6C7E3}.Release|Any CPU.ActiveCfg = Release|Any CPU
		{1160347E-2C45-48C7-93FF-496CF0D6C7E3}.Release|Any CPU.Build.0 = Release|Any CPU
	EndGlobalSection
	GlobalSection(SolutionProperties) = preSolution
		HideSolutionNode = FALSE
	EndGlobalSection
	GlobalSection(ExtensibilityGlobals) = postSolution
		SolutionGuid = {3EC04732-BBA9-4F49-88F2-34A089BD39BE}
	EndGlobalSection
EndGlobal
